
Microsoft Visual Studio Solution File, Format Version 12.00
# Visual Studio Version 16
VisualStudioVersion = 16.0.29926.136
MinimumVisualStudioVersion = 10.0.40219.1
Project("{FAE04EC0-301F-11D3-BF4B-00C04F79EFBC}") = "sampledeals", "sampledeals\sampledeals.csproj", "{334E6C97-B872-4B4C-89D2-00725381AB54}"
EndProject
Global
	GlobalSection(SolutionConfigurationPlatforms) = preSolution
		Debug|Any CPU = Debug|Any CPU
		Release|Any CPU = Release|Any CPU
	EndGlobalSection
	GlobalSection(ProjectConfigurationPlatforms) = postSolution
		{334E6C97-B872-4B4C-89D2-00725381AB54}.Debug|Any CPU.ActiveCfg = Debug|Any CPU
		{334E6C97-B872-4B4C-89D2-00725381AB54}.Debug|Any CPU.Build.0 = Debug|Any CPU
		{334E6C97-B872-4B4C-89D2-00725381AB54}.Release|Any CPU.ActiveCfg = Release|Any CPU
		{334E6C97-B872-4B4C-89D2-00725381AB54}.Release|Any CPU.Build.0 = Release|Any CPU
	EndGlobalSection
	GlobalSection(SolutionProperties) = preSolution
		HideSolutionNode = FALSE
	EndGlobalSection
	GlobalSection(ExtensibilityGlobals) = postSolution
		SolutionGuid = {08BA6BA5-2849-4C31-B9FD-19F5C39E8EA9}
	EndGlobalSection
EndGlobal
